
Microsoft Visual Studio Solution File, Format Version 12.00
# Visual Studio Version 16
VisualStudioVersion = 16.0.31702.278
MinimumVisualStudioVersion = 10.0.40219.1
Project("{159641D6-6404-4A2A-AE62-294DE0FE8301}") = "introBI-visionAirport", "introBI-visionAirport\introBI-visionAirport.dtproj", "{14C85446-9242-46F0-8752-6BCE6B2E95E0}"
EndProject
Global
	GlobalSection(SolutionConfigurationPlatforms) = preSolution
		Development|Default = Development|Default
	EndGlobalSection
	GlobalSection(ProjectConfigurationPlatforms) = postSolution
		{14C85446-9242-46F0-8752-6BCE6B2E95E0}.Development|Default.ActiveCfg = Development
		{14C85446-9242-46F0-8752-6BCE6B2E95E0}.Development|Default.Build.0 = Development
	EndGlobalSection
	GlobalSection(SolutionProperties) = preSolution
		HideSolutionNode = FALSE
	EndGlobalSection
	GlobalSection(ExtensibilityGlobals) = postSolution
		SolutionGuid = {69B5D68C-D430-4065-8C04-DA20B21228B3}
	EndGlobalSection
EndGlobal
